// !$*UTF8*$!
{
	archiveVersion = 1;
	classes = {
	};
	objectVersion = 46;
	objects = {

/* Begin PBXBuildFile section */
		EC21244E1D599EF8004A00D8 /* BaseModel.m in Sources */ = {isa = PBXBuildFile; fileRef = EC21244D1D599EF8004A00D8 /* BaseModel.m */; };
		EC2124691D599F2F004A00D8 /* JSONModel.m in Sources */ = {isa = PBXBuildFile; fileRef = EC2124521D599F2F004A00D8 /* JSONModel.m */; };
		EC21246A1D599F2F004A00D8 /* JSONModelArray.m in Sources */ = {isa = PBXBuildFile; fileRef = EC2124541D599F2F004A00D8 /* JSONModelArray.m */; };
		EC21246B1D599F2F004A00D8 /* JSONModelClassProperty.m in Sources */ = {isa = PBXBuildFile; fileRef = EC2124561D599F2F004A00D8 /* JSONModelClassProperty.m */; };
		EC21246C1D599F2F004A00D8 /* JSONModelError.m in Sources */ = {isa = PBXBuildFile; fileRef = EC2124581D599F2F004A00D8 /* JSONModelError.m */; };
		EC21246D1D599F2F004A00D8 /* NSArray+JSONModel.m in Sources */ = {isa = PBXBuildFile; fileRef = EC21245B1D599F2F004A00D8 /* NSArray+JSONModel.m */; };
		EC21246E1D599F2F004A00D8 /* JSONAPI.m in Sources */ = {isa = PBXBuildFile; fileRef = EC21245F1D599F2F004A00D8 /* JSONAPI.m */; };
		EC21246F1D599F2F004A00D8 /* JSONHTTPClient.m in Sources */ = {isa = PBXBuildFile; fileRef = EC2124611D599F2F004A00D8 /* JSONHTTPClient.m */; };
		EC2124701D599F2F004A00D8 /* JSONModel+networking.m in Sources */ = {isa = PBXBuildFile; fileRef = EC2124631D599F2F004A00D8 /* JSONModel+networking.m */; };
		EC2124711D599F2F004A00D8 /* JSONKeyMapper.m in Sources */ = {isa = PBXBuildFile; fileRef = EC2124661D599F2F004A00D8 /* JSONKeyMapper.m */; };
		EC2124721D599F2F004A00D8 /* JSONValueTransformer.m in Sources */ = {isa = PBXBuildFile; fileRef = EC2124681D599F2F004A00D8 /* JSONValueTransformer.m */; };
		EC2124911D599FB4004A00D8 /* NSData+ImageContentType.m in Sources */ = {isa = PBXBuildFile; fileRef = EC2124751D599FB4004A00D8 /* NSData+ImageContentType.m */; };
		EC2124921D599FB4004A00D8 /* SDImageCache.m in Sources */ = {isa = PBXBuildFile; fileRef = EC2124771D599FB4004A00D8 /* SDImageCache.m */; };
		EC2124931D599FB4004A00D8 /* SDWebImageCompat.m in Sources */ = {isa = PBXBuildFile; fileRef = EC2124791D599FB4004A00D8 /* SDWebImageCompat.m */; };
		EC2124941D599FB4004A00D8 /* SDWebImageDecoder.m in Sources */ = {isa = PBXBuildFile; fileRef = EC21247B1D599FB4004A00D8 /* SDWebImageDecoder.m */; };
		EC2124951D599FB4004A00D8 /* SDWebImageDownloader.m in Sources */ = {isa = PBXBuildFile; fileRef = EC21247D1D599FB4004A00D8 /* SDWebImageDownloader.m */; };
		EC2124961D599FB4004A00D8 /* SDWebImageDownloaderOperation.m in Sources */ = {isa = PBXBuildFile; fileRef = EC21247F1D599FB4004A00D8 /* SDWebImageDownloaderOperation.m */; };
		EC2124971D599FB4004A00D8 /* SDWebImageManager.m in Sources */ = {isa = PBXBuildFile; fileRef = EC2124811D599FB4004A00D8 /* SDWebImageManager.m */; };
		EC2124981D599FB4004A00D8 /* SDWebImagePrefetcher.m in Sources */ = {isa = PBXBuildFile; fileRef = EC2124841D599FB4004A00D8 /* SDWebImagePrefetcher.m */; };
		EC2124991D599FB4004A00D8 /* UIButton+WebCache.m in Sources */ = {isa = PBXBuildFile; fileRef = EC2124861D599FB4004A00D8 /* UIButton+WebCache.m */; };
		EC21249A1D599FB4004A00D8 /* UIImage+GIF.m in Sources */ = {isa = PBXBuildFile; fileRef = EC2124881D599FB4004A00D8 /* UIImage+GIF.m */; };
		EC21249B1D599FB4004A00D8 /* UIImage+MultiFormat.m in Sources */ = {isa = PBXBuildFile; fileRef = EC21248A1D599FB4004A00D8 /* UIImage+MultiFormat.m */; };
		EC21249C1D599FB4004A00D8 /* UIImageView+HighlightedWebCache.m in Sources */ = {isa = PBXBuildFile; fileRef = EC21248C1D599FB4004A00D8 /* UIImageView+HighlightedWebCache.m */; };
		EC21249D1D599FB4004A00D8 /* UIImageView+WebCache.m in Sources */ = {isa = PBXBuildFile; fileRef = EC21248E1D599FB4004A00D8 /* UIImageView+WebCache.m */; };
		EC21249E1D599FB4004A00D8 /* UIView+WebCacheOperation.m in Sources */ = {isa = PBXBuildFile; fileRef = EC2124901D599FB4004A00D8 /* UIView+WebCacheOperation.m */; };
		EC2124A21D59A16A004A00D8 /* BaseViewController.m in Sources */ = {isa = PBXBuildFile; fileRef = EC2124A01D59A16A004A00D8 /* BaseViewController.m */; };
		EC2124A31D59A16A004A00D8 /* BaseViewController.xib in Resources */ = {isa = PBXBuildFile; fileRef = EC2124A11D59A16A004A00D8 /* BaseViewController.xib */; };
		EC70CB361D5994580033E21E /* main.m in Sources */ = {isa = PBXBuildFile; fileRef = EC70CB351D5994580033E21E /* main.m */; };
		EC70CB391D5994580033E21E /* AppDelegate.m in Sources */ = {isa = PBXBuildFile; fileRef = EC70CB381D5994580033E21E /* AppDelegate.m */; };
		EC70CB3C1D5994580033E21E /* ViewController.m in Sources */ = {isa = PBXBuildFile; fileRef = EC70CB3B1D5994580033E21E /* ViewController.m */; };
		EC70CB3F1D5994580033E21E /* Main.storyboard in Resources */ = {isa = PBXBuildFile; fileRef = EC70CB3D1D5994580033E21E /* Main.storyboard */; };
		EC70CB421D5994580033E21E /* iOS____.xcdatamodeld in Sources */ = {isa = PBXBuildFile; fileRef = EC70CB401D5994580033E21E /* iOS____.xcdatamodeld */; };
		EC70CB441D5994580033E21E /* Assets.xcassets in Resources */ = {isa = PBXBuildFile; fileRef = EC70CB431D5994580033E21E /* Assets.xcassets */; };
		EC70CB471D5994580033E21E /* LaunchScreen.storyboard in Resources */ = {isa = PBXBuildFile; fileRef = EC70CB451D5994580033E21E /* LaunchScreen.storyboard */; };
		EC70CB521D5994580033E21E /* iOS____Tests.m in Sources */ = {isa = PBXBuildFile; fileRef = EC70CB511D5994580033E21E /* iOS____Tests.m */; };
		EC70CB5D1D5994580033E21E /* iOS____UITests.m in Sources */ = {isa = PBXBuildFile; fileRef = EC70CB5C1D5994580033E21E /* iOS____UITests.m */; };
		EC70CB8A1D5994830033E21E /* AFHTTPRequestOperation.m in Sources */ = {isa = PBXBuildFile; fileRef = EC70CB701D5994830033E21E /* AFHTTPRequestOperation.m */; };
		EC70CB8B1D5994830033E21E /* AFHTTPRequestOperationManager.m in Sources */ = {isa = PBXBuildFile; fileRef = EC70CB721D5994830033E21E /* AFHTTPRequestOperationManager.m */; };
		EC70CB8C1D5994830033E21E /* AFHTTPSessionManager.m in Sources */ = {isa = PBXBuildFile; fileRef = EC70CB741D5994830033E21E /* AFHTTPSessionManager.m */; };
		EC70CB8D1D5994830033E21E /* AFNetworkReachabilityManager.m in Sources */ = {isa = PBXBuildFile; fileRef = EC70CB771D5994830033E21E /* AFNetworkReachabilityManager.m */; };
		EC70CB8E1D5994830033E21E /* AFSecurityPolicy.m in Sources */ = {isa = PBXBuildFile; fileRef = EC70CB791D5994830033E21E /* AFSecurityPolicy.m */; };
		EC70CB8F1D5994830033E21E /* AFURLConnectionOperation.m in Sources */ = {isa = PBXBuildFile; fileRef = EC70CB7B1D5994830033E21E /* AFURLConnectionOperation.m */; };
		EC70CB901D5994830033E21E /* AFURLRequestSerialization.m in Sources */ = {isa = PBXBuildFile; fileRef = EC70CB7D1D5994830033E21E /* AFURLRequestSerialization.m */; };
		EC70CB911D5994830033E21E /* AFURLResponseSerialization.m in Sources */ = {isa = PBXBuildFile; fileRef = EC70CB7F1D5994830033E21E /* AFURLResponseSerialization.m */; };
		EC70CB921D5994830033E21E /* AFURLSessionManager.m in Sources */ = {isa = PBXBuildFile; fileRef = EC70CB811D5994830033E21E /* AFURLSessionManager.m */; };
		EC70CBB21D599B9C0033E21E /* HHTools.m in Sources */ = {isa = PBXBuildFile; fileRef = EC70CBB11D599B9C0033E21E /* HHTools.m */; };
		EC70CBB71D599C8A0033E21E /* SingletonObject.m in Sources */ = {isa = PBXBuildFile; fileRef = EC70CBB61D599C8A0033E21E /* SingletonObject.m */; };
		EC70CBBB1D599DC70033E21E /* Manager.m in Sources */ = {isa = PBXBuildFile; fileRef = EC70CBBA1D599DC70033E21E /* Manager.m */; };
		ECE681F61D59A1DF000F1041 /* BaseTableViewController.m in Sources */ = {isa = PBXBuildFile; fileRef = ECE681F41D59A1DF000F1041 /* BaseTableViewController.m */; };
		ECE681F71D59A1DF000F1041 /* BaseTableViewController.xib in Resources */ = {isa = PBXBuildFile; fileRef = ECE681F51D59A1DF000F1041 /* BaseTableViewController.xib */; };
		ECE681FB1D59A1EA000F1041 /* TableViewController.m in Sources */ = {isa = PBXBuildFile; fileRef = ECE681F91D59A1EA000F1041 /* TableViewController.m */; };
		ECE681FC1D59A1EA000F1041 /* TableViewController.xib in Resources */ = {isa = PBXBuildFile; fileRef = ECE681FA1D59A1EA000F1041 /* TableViewController.xib */; };
		ECE681FF1D59A24D000F1041 /* HHNet.m in Sources */ = {isa = PBXBuildFile; fileRef = ECE681FE1D59A24D000F1041 /* HHNet.m */; };
		ECE682021D59A263000F1041 /* ViewControllerConfig.m in Sources */ = {isa = PBXBuildFile; fileRef = ECE682011D59A263000F1041 /* ViewControllerConfig.m */; };
		ECE682061D59A2D3000F1041 /* FirstViewController.m in Sources */ = {isa = PBXBuildFile; fileRef = ECE682041D59A2D3000F1041 /* FirstViewController.m */; };
		ECE682071D59A2D3000F1041 /* FirstViewController.xib in Resources */ = {isa = PBXBuildFile; fileRef = ECE682051D59A2D3000F1041 /* FirstViewController.xib */; };
/* End PBXBuildFile section */

/* Begin PBXContainerItemProxy section */
		EC70CB4E1D5994580033E21E /* PBXContainerItemProxy */ = {
			isa = PBXContainerItemProxy;
			containerPortal = EC70CB291D5994580033E21E /* Project object */;
			proxyType = 1;
			remoteGlobalIDString = EC70CB301D5994580033E21E;
			remoteInfo = "iOS开发模板";
		};
		EC70CB591D5994580033E21E /* PBXContainerItemProxy */ = {
			isa = PBXContainerItemProxy;
			containerPortal = EC70CB291D5994580033E21E /* Project object */;
			proxyType = 1;
			remoteGlobalIDString = EC70CB301D5994580033E21E;
			remoteInfo = "iOS开发模板";
		};
/* End PBXContainerItemProxy section */

/* Begin PBXFileReference section */
		EC21244C1D599EF8004A00D8 /* BaseModel.h */ = {isa = PBXFileReference; fileEncoding = 4; lastKnownFileType = sourcecode.c.h; path = BaseModel.h; sourceTree = "<group>"; };
		EC21244D1D599EF8004A00D8 /* BaseModel.m */ = {isa = PBXFileReference; fileEncoding = 4; lastKnownFileType = sourcecode.c.objc; path = BaseModel.m; sourceTree = "<group>"; };
		EC2124511D599F2F004A00D8 /* JSONModel.h */ = {isa = PBXFileReference; fileEncoding = 4; lastKnownFileType = sourcecode.c.h; path = JSONModel.h; sourceTree = "<group>"; };
		EC2124521D599F2F004A00D8 /* JSONModel.m */ = {isa = PBXFileReference; fileEncoding = 4; lastKnownFileType = sourcecode.c.objc; path = JSONModel.m; sourceTree = "<group>"; };
		EC2124531D599F2F004A00D8 /* JSONModelArray.h */ = {isa = PBXFileReference; fileEncoding = 4; lastKnownFileType = sourcecode.c.h; path = JSONModelArray.h; sourceTree = "<group>"; };
		EC2124541D599F2F004A00D8 /* JSONModelArray.m */ = {isa = PBXFileReference; fileEncoding = 4; lastKnownFileType = sourcecode.c.objc; path = JSONModelArray.m; sourceTree = "<group>"; };
		EC2124551D599F2F004A00D8 /* JSONModelClassProperty.h */ = {isa = PBXFileReference; fileEncoding = 4; lastKnownFileType = sourcecode.c.h; path = JSONModelClassProperty.h; sourceTree = "<group>"; };
		EC2124561D599F2F004A00D8 /* JSONModelClassProperty.m */ = {isa = PBXFileReference; fileEncoding = 4; lastKnownFileType = sourcecode.c.objc; path = JSONModelClassProperty.m; sourceTree = "<group>"; };
		EC2124571D599F2F004A00D8 /* JSONModelError.h */ = {isa = PBXFileReference; fileEncoding = 4; lastKnownFileType = sourcecode.c.h; path = JSONModelError.h; sourceTree = "<group>"; };
		EC2124581D599F2F004A00D8 /* JSONModelError.m */ = {isa = PBXFileReference; fileEncoding = 4; lastKnownFileType = sourcecode.c.objc; path = JSONModelError.m; sourceTree = "<group>"; };
		EC21245A1D599F2F004A00D8 /* NSArray+JSONModel.h */ = {isa = PBXFileReference; fileEncoding = 4; lastKnownFileType = sourcecode.c.h; path = "NSArray+JSONModel.h"; sourceTree = "<group>"; };
		EC21245B1D599F2F004A00D8 /* NSArray+JSONModel.m */ = {isa = PBXFileReference; fileEncoding = 4; lastKnownFileType = sourcecode.c.objc; path = "NSArray+JSONModel.m"; sourceTree = "<group>"; };
		EC21245C1D599F2F004A00D8 /* JSONModelLib.h */ = {isa = PBXFileReference; fileEncoding = 4; lastKnownFileType = sourcecode.c.h; path = JSONModelLib.h; sourceTree = "<group>"; };
		EC21245E1D599F2F004A00D8 /* JSONAPI.h */ = {isa = PBXFileReference; fileEncoding = 4; lastKnownFileType = sourcecode.c.h; path = JSONAPI.h; sourceTree = "<group>"; };
		EC21245F1D599F2F004A00D8 /* JSONAPI.m */ = {isa = PBXFileReference; fileEncoding = 4; lastKnownFileType = sourcecode.c.objc; path = JSONAPI.m; sourceTree = "<group>"; };
		EC2124601D599F2F004A00D8 /* JSONHTTPClient.h */ = {isa = PBXFileReference; fileEncoding = 4; lastKnownFileType = sourcecode.c.h; path = JSONHTTPClient.h; sourceTree = "<group>"; };
		EC2124611D599F2F004A00D8 /* JSONHTTPClient.m */ = {isa = PBXFileReference; fileEncoding = 4; lastKnownFileType = sourcecode.c.objc; path = JSONHTTPClient.m; sourceTree = "<group>"; };
		EC2124621D599F2F004A00D8 /* JSONModel+networking.h */ = {isa = PBXFileReference; fileEncoding = 4; lastKnownFileType = sourcecode.c.h; path = "JSONModel+networking.h"; sourceTree = "<group>"; };
		EC2124631D599F2F004A00D8 /* JSONModel+networking.m */ = {isa = PBXFileReference; fileEncoding = 4; lastKnownFileType = sourcecode.c.objc; path = "JSONModel+networking.m"; sourceTree = "<group>"; };
		EC2124651D599F2F004A00D8 /* JSONKeyMapper.h */ = {isa = PBXFileReference; fileEncoding = 4; lastKnownFileType = sourcecode.c.h; path = JSONKeyMapper.h; sourceTree = "<group>"; };
		EC2124661D599F2F004A00D8 /* JSONKeyMapper.m */ = {isa = PBXFileReference; fileEncoding = 4; lastKnownFileType = sourcecode.c.objc; path = JSONKeyMapper.m; sourceTree = "<group>"; };
		EC2124671D599F2F004A00D8 /* JSONValueTransformer.h */ = {isa = PBXFileReference; fileEncoding = 4; lastKnownFileType = sourcecode.c.h; path = JSONValueTransformer.h; sourceTree = "<group>"; };
		EC2124681D599F2F004A00D8 /* JSONValueTransformer.m */ = {isa = PBXFileReference; fileEncoding = 4; lastKnownFileType = sourcecode.c.objc; path = JSONValueTransformer.m; sourceTree = "<group>"; };
		EC2124741D599FB4004A00D8 /* NSData+ImageContentType.h */ = {isa = PBXFileReference; fileEncoding = 4; lastKnownFileType = sourcecode.c.h; path = "NSData+ImageContentType.h"; sourceTree = "<group>"; };
		EC2124751D599FB4004A00D8 /* NSData+ImageContentType.m */ = {isa = PBXFileReference; fileEncoding = 4; lastKnownFileType = sourcecode.c.objc; path = "NSData+ImageContentType.m"; sourceTree = "<group>"; };
		EC2124761D599FB4004A00D8 /* SDImageCache.h */ = {isa = PBXFileReference; fileEncoding = 4; lastKnownFileType = sourcecode.c.h; path = SDImageCache.h; sourceTree = "<group>"; };
		EC2124771D599FB4004A00D8 /* SDImageCache.m */ = {isa = PBXFileReference; fileEncoding = 4; lastKnownFileType = sourcecode.c.objc; path = SDImageCache.m; sourceTree = "<group>"; };
		EC2124781D599FB4004A00D8 /* SDWebImageCompat.h */ = {isa = PBXFileReference; fileEncoding = 4; lastKnownFileType = sourcecode.c.h; path = SDWebImageCompat.h; sourceTree = "<group>"; };
		EC2124791D599FB4004A00D8 /* SDWebImageCompat.m */ = {isa = PBXFileReference; fileEncoding = 4; lastKnownFileType = sourcecode.c.objc; path = SDWebImageCompat.m; sourceTree = "<group>"; };
		EC21247A1D599FB4004A00D8 /* SDWebImageDecoder.h */ = {isa = PBXFileReference; fileEncoding = 4; lastKnownFileType = sourcecode.c.h; path = SDWebImageDecoder.h; sourceTree = "<group>"; };
		EC21247B1D599FB4004A00D8 /* SDWebImageDecoder.m */ = {isa = PBXFileReference; fileEncoding = 4; lastKnownFileType = sourcecode.c.objc; path = SDWebImageDecoder.m; sourceTree = "<group>"; };
		EC21247C1D599FB4004A00D8 /* SDWebImageDownloader.h */ = {isa = PBXFileReference; fileEncoding = 4; lastKnownFileType = sourcecode.c.h; path = SDWebImageDownloader.h; sourceTree = "<group>"; };
		EC21247D1D599FB4004A00D8 /* SDWebImageDownloader.m */ = {isa = PBXFileReference; fileEncoding = 4; lastKnownFileType = sourcecode.c.objc; path = SDWebImageDownloader.m; sourceTree = "<group>"; };
		EC21247E1D599FB4004A00D8 /* SDWebImageDownloaderOperation.h */ = {isa = PBXFileReference; fileEncoding = 4; lastKnownFileType = sourcecode.c.h; path = SDWebImageDownloaderOperation.h; sourceTree = "<group>"; };
		EC21247F1D599FB4004A00D8 /* SDWebImageDownloaderOperation.m */ = {isa = PBXFileReference; fileEncoding = 4; lastKnownFileType = sourcecode.c.objc; path = SDWebImageDownloaderOperation.m; sourceTree = "<group>"; };
		EC2124801D599FB4004A00D8 /* SDWebImageManager.h */ = {isa = PBXFileReference; fileEncoding = 4; lastKnownFileType = sourcecode.c.h; path = SDWebImageManager.h; sourceTree = "<group>"; };
		EC2124811D599FB4004A00D8 /* SDWebImageManager.m */ = {isa = PBXFileReference; fileEncoding = 4; lastKnownFileType = sourcecode.c.objc; path = SDWebImageManager.m; sourceTree = "<group>"; };
		EC2124821D599FB4004A00D8 /* SDWebImageOperation.h */ = {isa = PBXFileReference; fileEncoding = 4; lastKnownFileType = sourcecode.c.h; path = SDWebImageOperation.h; sourceTree = "<group>"; };
		EC2124831D599FB4004A00D8 /* SDWebImagePrefetcher.h */ = {isa = PBXFileReference; fileEncoding = 4; lastKnownFileType = sourcecode.c.h; path = SDWebImagePrefetcher.h; sourceTree = "<group>"; };
		EC2124841D599FB4004A00D8 /* SDWebImagePrefetcher.m */ = {isa = PBXFileReference; fileEncoding = 4; lastKnownFileType = sourcecode.c.objc; path = SDWebImagePrefetcher.m; sourceTree = "<group>"; };
		EC2124851D599FB4004A00D8 /* UIButton+WebCache.h */ = {isa = PBXFileReference; fileEncoding = 4; lastKnownFileType = sourcecode.c.h; path = "UIButton+WebCache.h"; sourceTree = "<group>"; };
		EC2124861D599FB4004A00D8 /* UIButton+WebCache.m */ = {isa = PBXFileReference; fileEncoding = 4; lastKnownFileType = sourcecode.c.objc; path = "UIButton+WebCache.m"; sourceTree = "<group>"; };
		EC2124871D599FB4004A00D8 /* UIImage+GIF.h */ = {isa = PBXFileReference; fileEncoding = 4; lastKnownFileType = sourcecode.c.h; path = "UIImage+GIF.h"; sourceTree = "<group>"; };
		EC2124881D599FB4004A00D8 /* UIImage+GIF.m */ = {isa = PBXFileReference; fileEncoding = 4; lastKnownFileType = sourcecode.c.objc; path = "UIImage+GIF.m"; sourceTree = "<group>"; };
		EC2124891D599FB4004A00D8 /* UIImage+MultiFormat.h */ = {isa = PBXFileReference; fileEncoding = 4; lastKnownFileType = sourcecode.c.h; path = "UIImage+MultiFormat.h"; sourceTree = "<group>"; };
		EC21248A1D599FB4004A00D8 /* UIImage+MultiFormat.m */ = {isa = PBXFileReference; fileEncoding = 4; lastKnownFileType = sourcecode.c.objc; path = "UIImage+MultiFormat.m"; sourceTree = "<group>"; };
		EC21248B1D599FB4004A00D8 /* UIImageView+HighlightedWebCache.h */ = {isa = PBXFileReference; fileEncoding = 4; lastKnownFileType = sourcecode.c.h; path = "UIImageView+HighlightedWebCache.h"; sourceTree = "<group>"; };
		EC21248C1D599FB4004A00D8 /* UIImageView+HighlightedWebCache.m */ = {isa = PBXFileReference; fileEncoding = 4; lastKnownFileType = sourcecode.c.objc; path = "UIImageView+HighlightedWebCache.m"; sourceTree = "<group>"; };
		EC21248D1D599FB4004A00D8 /* UIImageView+WebCache.h */ = {isa = PBXFileReference; fileEncoding = 4; lastKnownFileType = sourcecode.c.h; path = "UIImageView+WebCache.h"; sourceTree = "<group>"; };
		EC21248E1D599FB4004A00D8 /* UIImageView+WebCache.m */ = {isa = PBXFileReference; fileEncoding = 4; lastKnownFileType = sourcecode.c.objc; path = "UIImageView+WebCache.m"; sourceTree = "<group>"; };
		EC21248F1D599FB4004A00D8 /* UIView+WebCacheOperation.h */ = {isa = PBXFileReference; fileEncoding = 4; lastKnownFileType = sourcecode.c.h; path = "UIView+WebCacheOperation.h"; sourceTree = "<group>"; };
		EC2124901D599FB4004A00D8 /* UIView+WebCacheOperation.m */ = {isa = PBXFileReference; fileEncoding = 4; lastKnownFileType = sourcecode.c.objc; path = "UIView+WebCacheOperation.m"; sourceTree = "<group>"; };
		EC21249F1D59A16A004A00D8 /* BaseViewController.h */ = {isa = PBXFileReference; fileEncoding = 4; lastKnownFileType = sourcecode.c.h; path = BaseViewController.h; sourceTree = "<group>"; };
		EC2124A01D59A16A004A00D8 /* BaseViewController.m */ = {isa = PBXFileReference; fileEncoding = 4; lastKnownFileType = sourcecode.c.objc; path = BaseViewController.m; sourceTree = "<group>"; };
		EC2124A11D59A16A004A00D8 /* BaseViewController.xib */ = {isa = PBXFileReference; fileEncoding = 4; lastKnownFileType = file.xib; path = BaseViewController.xib; sourceTree = "<group>"; };
		EC70CB311D5994580033E21E /* iOS开发模板.app */ = {isa = PBXFileReference; explicitFileType = wrapper.application; includeInIndex = 0; path = "iOS开发模板.app"; sourceTree = BUILT_PRODUCTS_DIR; };
		EC70CB351D5994580033E21E /* main.m */ = {isa = PBXFileReference; lastKnownFileType = sourcecode.c.objc; path = main.m; sourceTree = "<group>"; };
		EC70CB371D5994580033E21E /* AppDelegate.h */ = {isa = PBXFileReference; lastKnownFileType = sourcecode.c.h; path = AppDelegate.h; sourceTree = "<group>"; };
		EC70CB381D5994580033E21E /* AppDelegate.m */ = {isa = PBXFileReference; lastKnownFileType = sourcecode.c.objc; path = AppDelegate.m; sourceTree = "<group>"; };
		EC70CB3A1D5994580033E21E /* ViewController.h */ = {isa = PBXFileReference; lastKnownFileType = sourcecode.c.h; path = ViewController.h; sourceTree = "<group>"; };
		EC70CB3B1D5994580033E21E /* ViewController.m */ = {isa = PBXFileReference; lastKnownFileType = sourcecode.c.objc; path = ViewController.m; sourceTree = "<group>"; };
		EC70CB3E1D5994580033E21E /* Base */ = {isa = PBXFileReference; lastKnownFileType = file.storyboard; name = Base; path = Base.lproj/Main.storyboard; sourceTree = "<group>"; };
		EC70CB411D5994580033E21E /* iOS____.xcdatamodel */ = {isa = PBXFileReference; lastKnownFileType = wrapper.xcdatamodel; path = "iOS____.xcdatamodel"; sourceTree = "<group>"; };
		EC70CB431D5994580033E21E /* Assets.xcassets */ = {isa = PBXFileReference; lastKnownFileType = folder.assetcatalog; path = Assets.xcassets; sourceTree = "<group>"; };
		EC70CB461D5994580033E21E /* Base */ = {isa = PBXFileReference; lastKnownFileType = file.storyboard; name = Base; path = Base.lproj/LaunchScreen.storyboard; sourceTree = "<group>"; };
		EC70CB481D5994580033E21E /* Info.plist */ = {isa = PBXFileReference; lastKnownFileType = text.plist.xml; path = Info.plist; sourceTree = "<group>"; };
		EC70CB4D1D5994580033E21E /* iOS开发模板Tests.xctest */ = {isa = PBXFileReference; explicitFileType = wrapper.cfbundle; includeInIndex = 0; path = "iOS开发模板Tests.xctest"; sourceTree = BUILT_PRODUCTS_DIR; };
		EC70CB511D5994580033E21E /* iOS____Tests.m */ = {isa = PBXFileReference; lastKnownFileType = sourcecode.c.objc; path = "iOS____Tests.m"; sourceTree = "<group>"; };
		EC70CB531D5994580033E21E /* Info.plist */ = {isa = PBXFileReference; lastKnownFileType = text.plist.xml; path = Info.plist; sourceTree = "<group>"; };
		EC70CB581D5994580033E21E /* iOS开发模板UITests.xctest */ = {isa = PBXFileReference; explicitFileType = wrapper.cfbundle; includeInIndex = 0; path = "iOS开发模板UITests.xctest"; sourceTree = BUILT_PRODUCTS_DIR; };
		EC70CB5C1D5994580033E21E /* iOS____UITests.m */ = {isa = PBXFileReference; lastKnownFileType = sourcecode.c.objc; path = "iOS____UITests.m"; sourceTree = "<group>"; };
		EC70CB5E1D5994580033E21E /* Info.plist */ = {isa = PBXFileReference; lastKnownFileType = text.plist.xml; path = Info.plist; sourceTree = "<group>"; };
		EC70CB6F1D5994830033E21E /* AFHTTPRequestOperation.h */ = {isa = PBXFileReference; fileEncoding = 4; lastKnownFileType = sourcecode.c.h; path = AFHTTPRequestOperation.h; sourceTree = "<group>"; };
		EC70CB701D5994830033E21E /* AFHTTPRequestOperation.m */ = {isa = PBXFileReference; fileEncoding = 4; lastKnownFileType = sourcecode.c.objc; path = AFHTTPRequestOperation.m; sourceTree = "<group>"; };
		EC70CB711D5994830033E21E /* AFHTTPRequestOperationManager.h */ = {isa = PBXFileReference; fileEncoding = 4; lastKnownFileType = sourcecode.c.h; path = AFHTTPRequestOperationManager.h; sourceTree = "<group>"; };
		EC70CB721D5994830033E21E /* AFHTTPRequestOperationManager.m */ = {isa = PBXFileReference; fileEncoding = 4; lastKnownFileType = sourcecode.c.objc; path = AFHTTPRequestOperationManager.m; sourceTree = "<group>"; };
		EC70CB731D5994830033E21E /* AFHTTPSessionManager.h */ = {isa = PBXFileReference; fileEncoding = 4; lastKnownFileType = sourcecode.c.h; path = AFHTTPSessionManager.h; sourceTree = "<group>"; };
		EC70CB741D5994830033E21E /* AFHTTPSessionManager.m */ = {isa = PBXFileReference; fileEncoding = 4; lastKnownFileType = sourcecode.c.objc; path = AFHTTPSessionManager.m; sourceTree = "<group>"; };
		EC70CB751D5994830033E21E /* AFNetworking.h */ = {isa = PBXFileReference; fileEncoding = 4; lastKnownFileType = sourcecode.c.h; path = AFNetworking.h; sourceTree = "<group>"; };
		EC70CB761D5994830033E21E /* AFNetworkReachabilityManager.h */ = {isa = PBXFileReference; fileEncoding = 4; lastKnownFileType = sourcecode.c.h; path = AFNetworkReachabilityManager.h; sourceTree = "<group>"; };
		EC70CB771D5994830033E21E /* AFNetworkReachabilityManager.m */ = {isa = PBXFileReference; fileEncoding = 4; lastKnownFileType = sourcecode.c.objc; path = AFNetworkReachabilityManager.m; sourceTree = "<group>"; };
		EC70CB781D5994830033E21E /* AFSecurityPolicy.h */ = {isa = PBXFileReference; fileEncoding = 4; lastKnownFileType = sourcecode.c.h; path = AFSecurityPolicy.h; sourceTree = "<group>"; };
		EC70CB791D5994830033E21E /* AFSecurityPolicy.m */ = {isa = PBXFileReference; fileEncoding = 4; lastKnownFileType = sourcecode.c.objc; path = AFSecurityPolicy.m; sourceTree = "<group>"; };
		EC70CB7A1D5994830033E21E /* AFURLConnectionOperation.h */ = {isa = PBXFileReference; fileEncoding = 4; lastKnownFileType = sourcecode.c.h; path = AFURLConnectionOperation.h; sourceTree = "<group>"; };
		EC70CB7B1D5994830033E21E /* AFURLConnectionOperation.m */ = {isa = PBXFileReference; fileEncoding = 4; lastKnownFileType = sourcecode.c.objc; path = AFURLConnectionOperation.m; sourceTree = "<group>"; };
		EC70CB7C1D5994830033E21E /* AFURLRequestSerialization.h */ = {isa = PBXFileReference; fileEncoding = 4; lastKnownFileType = sourcecode.c.h; path = AFURLRequestSerialization.h; sourceTree = "<group>"; };
		EC70CB7D1D5994830033E21E /* AFURLRequestSerialization.m */ = {isa = PBXFileReference; fileEncoding = 4; lastKnownFileType = sourcecode.c.objc; path = AFURLRequestSerialization.m; sourceTree = "<group>"; };
		EC70CB7E1D5994830033E21E /* AFURLResponseSerialization.h */ = {isa = PBXFileReference; fileEncoding = 4; lastKnownFileType = sourcecode.c.h; path = AFURLResponseSerialization.h; sourceTree = "<group>"; };
		EC70CB7F1D5994830033E21E /* AFURLResponseSerialization.m */ = {isa = PBXFileReference; fileEncoding = 4; lastKnownFileType = sourcecode.c.objc; path = AFURLResponseSerialization.m; sourceTree = "<group>"; };
		EC70CB801D5994830033E21E /* AFURLSessionManager.h */ = {isa = PBXFileReference; fileEncoding = 4; lastKnownFileType = sourcecode.c.h; path = AFURLSessionManager.h; sourceTree = "<group>"; };
		EC70CB811D5994830033E21E /* AFURLSessionManager.m */ = {isa = PBXFileReference; fileEncoding = 4; lastKnownFileType = sourcecode.c.objc; path = AFURLSessionManager.m; sourceTree = "<group>"; };
		EC70CBB01D599B9C0033E21E /* HHTools.h */ = {isa = PBXFileReference; fileEncoding = 4; lastKnownFileType = sourcecode.c.h; path = HHTools.h; sourceTree = "<group>"; };
		EC70CBB11D599B9C0033E21E /* HHTools.m */ = {isa = PBXFileReference; fileEncoding = 4; lastKnownFileType = sourcecode.c.objc; path = HHTools.m; sourceTree = "<group>"; };
		EC70CBB51D599C8A0033E21E /* SingletonObject.h */ = {isa = PBXFileReference; fileEncoding = 4; lastKnownFileType = sourcecode.c.h; path = SingletonObject.h; sourceTree = "<group>"; };
		EC70CBB61D599C8A0033E21E /* SingletonObject.m */ = {isa = PBXFileReference; fileEncoding = 4; lastKnownFileType = sourcecode.c.objc; path = SingletonObject.m; sourceTree = "<group>"; };
		EC70CBB91D599DC70033E21E /* Manager.h */ = {isa = PBXFileReference; fileEncoding = 4; lastKnownFileType = sourcecode.c.h; path = Manager.h; sourceTree = "<group>"; };
		EC70CBBA1D599DC70033E21E /* Manager.m */ = {isa = PBXFileReference; fileEncoding = 4; lastKnownFileType = sourcecode.c.objc; path = Manager.m; sourceTree = "<group>"; };
		ECE681F31D59A1DF000F1041 /* BaseTableViewController.h */ = {isa = PBXFileReference; fileEncoding = 4; lastKnownFileType = sourcecode.c.h; path = BaseTableViewController.h; sourceTree = "<group>"; };
		ECE681F41D59A1DF000F1041 /* BaseTableViewController.m */ = {isa = PBXFileReference; fileEncoding = 4; lastKnownFileType = sourcecode.c.objc; path = BaseTableViewController.m; sourceTree = "<group>"; };
		ECE681F51D59A1DF000F1041 /* BaseTableViewController.xib */ = {isa = PBXFileReference; fileEncoding = 4; lastKnownFileType = file.xib; path = BaseTableViewController.xib; sourceTree = "<group>"; };
		ECE681F81D59A1EA000F1041 /* TableViewController.h */ = {isa = PBXFileReference; fileEncoding = 4; lastKnownFileType = sourcecode.c.h; path = TableViewController.h; sourceTree = "<group>"; };
		ECE681F91D59A1EA000F1041 /* TableViewController.m */ = {isa = PBXFileReference; fileEncoding = 4; lastKnownFileType = sourcecode.c.objc; path = TableViewController.m; sourceTree = "<group>"; };
		ECE681FA1D59A1EA000F1041 /* TableViewController.xib */ = {isa = PBXFileReference; fileEncoding = 4; lastKnownFileType = file.xib; path = TableViewController.xib; sourceTree = "<group>"; };
		ECE681FD1D59A24D000F1041 /* HHNet.h */ = {isa = PBXFileReference; fileEncoding = 4; lastKnownFileType = sourcecode.c.h; path = HHNet.h; sourceTree = "<group>"; };
		ECE681FE1D59A24D000F1041 /* HHNet.m */ = {isa = PBXFileReference; fileEncoding = 4; lastKnownFileType = sourcecode.c.objc; path = HHNet.m; sourceTree = "<group>"; };
		ECE682001D59A263000F1041 /* ViewControllerConfig.h */ = {isa = PBXFileReference; fileEncoding = 4; lastKnownFileType = sourcecode.c.h; path = ViewControllerConfig.h; sourceTree = "<group>"; };
		ECE682011D59A263000F1041 /* ViewControllerConfig.m */ = {isa = PBXFileReference; fileEncoding = 4; lastKnownFileType = sourcecode.c.objc; path = ViewControllerConfig.m; sourceTree = "<group>"; };
		ECE682031D59A2D3000F1041 /* FirstViewController.h */ = {isa = PBXFileReference; fileEncoding = 4; lastKnownFileType = sourcecode.c.h; path = FirstViewController.h; sourceTree = "<group>"; };
		ECE682041D59A2D3000F1041 /* FirstViewController.m */ = {isa = PBXFileReference; fileEncoding = 4; lastKnownFileType = sourcecode.c.objc; path = FirstViewController.m; sourceTree = "<group>"; };
		ECE682051D59A2D3000F1041 /* FirstViewController.xib */ = {isa = PBXFileReference; fileEncoding = 4; lastKnownFileType = file.xib; path = FirstViewController.xib; sourceTree = "<group>"; };
/* End PBXFileReference section */

/* Begin PBXFrameworksBuildPhase section */
		EC70CB2E1D5994580033E21E /* Frameworks */ = {
			isa = PBXFrameworksBuildPhase;
			buildActionMask = 2147483647;
			files = (
			);
			runOnlyForDeploymentPostprocessing = 0;
		};
		EC70CB4A1D5994580033E21E /* Frameworks */ = {
			isa = PBXFrameworksBuildPhase;
			buildActionMask = 2147483647;
			files = (
			);
			runOnlyForDeploymentPostprocessing = 0;
		};
		EC70CB551D5994580033E21E /* Frameworks */ = {
			isa = PBXFrameworksBuildPhase;
			buildActionMask = 2147483647;
			files = (
			);
			runOnlyForDeploymentPostprocessing = 0;
		};
/* End PBXFrameworksBuildPhase section */

/* Begin PBXGroup section */
		EC21244F1D599F2F004A00D8 /* JSONModel */ = {
			isa = PBXGroup;
			children = (
				EC2124501D599F2F004A00D8 /* JSONModel */,
				EC2124591D599F2F004A00D8 /* JSONModelCategories */,
				EC21245C1D599F2F004A00D8 /* JSONModelLib.h */,
				EC21245D1D599F2F004A00D8 /* JSONModelNetworking */,
				EC2124641D599F2F004A00D8 /* JSONModelTransformations */,
			);
			path = JSONModel;
			sourceTree = "<group>";
		};
		EC2124501D599F2F004A00D8 /* JSONModel */ = {
			isa = PBXGroup;
			children = (
				EC2124511D599F2F004A00D8 /* JSONModel.h */,
				EC2124521D599F2F004A00D8 /* JSONModel.m */,
				EC2124531D599F2F004A00D8 /* JSONModelArray.h */,
				EC2124541D599F2F004A00D8 /* JSONModelArray.m */,
				EC2124551D599F2F004A00D8 /* JSONModelClassProperty.h */,
				EC2124561D599F2F004A00D8 /* JSONModelClassProperty.m */,
				EC2124571D599F2F004A00D8 /* JSONModelError.h */,
				EC2124581D599F2F004A00D8 /* JSONModelError.m */,
			);
			path = JSONModel;
			sourceTree = "<group>";
		};
		EC2124591D599F2F004A00D8 /* JSONModelCategories */ = {
			isa = PBXGroup;
			children = (
				EC21245A1D599F2F004A00D8 /* NSArray+JSONModel.h */,
				EC21245B1D599F2F004A00D8 /* NSArray+JSONModel.m */,
			);
			path = JSONModelCategories;
			sourceTree = "<group>";
		};
		EC21245D1D599F2F004A00D8 /* JSONModelNetworking */ = {
			isa = PBXGroup;
			children = (
				EC21245E1D599F2F004A00D8 /* JSONAPI.h */,
				EC21245F1D599F2F004A00D8 /* JSONAPI.m */,
				EC2124601D599F2F004A00D8 /* JSONHTTPClient.h */,
				EC2124611D599F2F004A00D8 /* JSONHTTPClient.m */,
				EC2124621D599F2F004A00D8 /* JSONModel+networking.h */,
				EC2124631D599F2F004A00D8 /* JSONModel+networking.m */,
			);
			path = JSONModelNetworking;
			sourceTree = "<group>";
		};
		EC2124641D599F2F004A00D8 /* JSONModelTransformations */ = {
			isa = PBXGroup;
			children = (
				EC2124651D599F2F004A00D8 /* JSONKeyMapper.h */,
				EC2124661D599F2F004A00D8 /* JSONKeyMapper.m */,
				EC2124671D599F2F004A00D8 /* JSONValueTransformer.h */,
				EC2124681D599F2F004A00D8 /* JSONValueTransformer.m */,
			);
			path = JSONModelTransformations;
			sourceTree = "<group>";
		};
		EC2124731D599FB4004A00D8 /* SDWebImage */ = {
			isa = PBXGroup;
			children = (
				EC2124741D599FB4004A00D8 /* NSData+ImageContentType.h */,
				EC2124751D599FB4004A00D8 /* NSData+ImageContentType.m */,
				EC2124761D599FB4004A00D8 /* SDImageCache.h */,
				EC2124771D599FB4004A00D8 /* SDImageCache.m */,
				EC2124781D599FB4004A00D8 /* SDWebImageCompat.h */,
				EC2124791D599FB4004A00D8 /* SDWebImageCompat.m */,
				EC21247A1D599FB4004A00D8 /* SDWebImageDecoder.h */,
				EC21247B1D599FB4004A00D8 /* SDWebImageDecoder.m */,
				EC21247C1D599FB4004A00D8 /* SDWebImageDownloader.h */,
				EC21247D1D599FB4004A00D8 /* SDWebImageDownloader.m */,
				EC21247E1D599FB4004A00D8 /* SDWebImageDownloaderOperation.h */,
				EC21247F1D599FB4004A00D8 /* SDWebImageDownloaderOperation.m */,
				EC2124801D599FB4004A00D8 /* SDWebImageManager.h */,
				EC2124811D599FB4004A00D8 /* SDWebImageManager.m */,
				EC2124821D599FB4004A00D8 /* SDWebImageOperation.h */,
				EC2124831D599FB4004A00D8 /* SDWebImagePrefetcher.h */,
				EC2124841D599FB4004A00D8 /* SDWebImagePrefetcher.m */,
				EC2124851D599FB4004A00D8 /* UIButton+WebCache.h */,
				EC2124861D599FB4004A00D8 /* UIButton+WebCache.m */,
				EC2124871D599FB4004A00D8 /* UIImage+GIF.h */,
				EC2124881D599FB4004A00D8 /* UIImage+GIF.m */,
				EC2124891D599FB4004A00D8 /* UIImage+MultiFormat.h */,
				EC21248A1D599FB4004A00D8 /* UIImage+MultiFormat.m */,
				EC21248B1D599FB4004A00D8 /* UIImageView+HighlightedWebCache.h */,
				EC21248C1D599FB4004A00D8 /* UIImageView+HighlightedWebCache.m */,
				EC21248D1D599FB4004A00D8 /* UIImageView+WebCache.h */,
				EC21248E1D599FB4004A00D8 /* UIImageView+WebCache.m */,
				EC21248F1D599FB4004A00D8 /* UIView+WebCacheOperation.h */,
				EC2124901D599FB4004A00D8 /* UIView+WebCacheOperation.m */,
			);
			path = SDWebImage;
			sourceTree = "<group>";
		};
		EC70CB281D5994580033E21E = {
			isa = PBXGroup;
			children = (
				EC70CB331D5994580033E21E /* iOS开发模板 */,
				EC70CB501D5994580033E21E /* iOS开发模板Tests */,
				EC70CB5B1D5994580033E21E /* iOS开发模板UITests */,
				EC70CB321D5994580033E21E /* Products */,
			);
			sourceTree = "<group>";
		};
		EC70CB321D5994580033E21E /* Products */ = {
			isa = PBXGroup;
			children = (
				EC70CB311D5994580033E21E /* iOS开发模板.app */,
				EC70CB4D1D5994580033E21E /* iOS开发模板Tests.xctest */,
				EC70CB581D5994580033E21E /* iOS开发模板UITests.xctest */,
			);
			name = Products;
			sourceTree = "<group>";
		};
		EC70CB331D5994580033E21E /* iOS开发模板 */ = {
			isa = PBXGroup;
			children = (
				EC70CBB81D599D3E0033E21E /* 测试 */,
				EC70CB6A1D5994830033E21E /* 工具类 */,
				EC70CB6B1D5994830033E21E /* 基础类 */,
				EC70CB6D1D5994830033E21E /* 开源库 */,
				EC70CB821D5994830033E21E /* 三方SDK */,
				EC70CB831D5994830033E21E /* APP功能模块 */,
				EC70CB891D5994830033E21E /* Core */,
				EC70CB371D5994580033E21E /* AppDelegate.h */,
				EC70CB381D5994580033E21E /* AppDelegate.m */,
				EC70CB3A1D5994580033E21E /* ViewController.h */,
				EC70CB3B1D5994580033E21E /* ViewController.m */,
				EC70CB3D1D5994580033E21E /* Main.storyboard */,
				EC70CB431D5994580033E21E /* Assets.xcassets */,
				EC70CB451D5994580033E21E /* LaunchScreen.storyboard */,
				EC70CB481D5994580033E21E /* Info.plist */,
				EC70CB401D5994580033E21E /* iOS____.xcdatamodeld */,
				EC70CB341D5994580033E21E /* Supporting Files */,
			);
			path = "iOS开发模板";
			sourceTree = "<group>";
		};
		EC70CB341D5994580033E21E /* Supporting Files */ = {
			isa = PBXGroup;
			children = (
				EC70CB351D5994580033E21E /* main.m */,
			);
			name = "Supporting Files";
			sourceTree = "<group>";
		};
		EC70CB501D5994580033E21E /* iOS开发模板Tests */ = {
			isa = PBXGroup;
			children = (
				EC70CB511D5994580033E21E /* iOS____Tests.m */,
				EC70CB531D5994580033E21E /* Info.plist */,
			);
			path = "iOS开发模板Tests";
			sourceTree = "<group>";
		};
		EC70CB5B1D5994580033E21E /* iOS开发模板UITests */ = {
			isa = PBXGroup;
			children = (
				EC70CB5C1D5994580033E21E /* iOS____UITests.m */,
				EC70CB5E1D5994580033E21E /* Info.plist */,
			);
			path = "iOS开发模板UITests";
			sourceTree = "<group>";
		};
		EC70CB6A1D5994830033E21E /* 工具类 */ = {
			isa = PBXGroup;
			children = (
				EC70CBB01D599B9C0033E21E /* HHTools.h */,
				EC70CBB11D599B9C0033E21E /* HHTools.m */,
				ECE681FD1D59A24D000F1041 /* HHNet.h */,
				ECE681FE1D59A24D000F1041 /* HHNet.m */,
				ECE682001D59A263000F1041 /* ViewControllerConfig.h */,
				ECE682011D59A263000F1041 /* ViewControllerConfig.m */,
			);
			path = "工具类";
			sourceTree = "<group>";
		};
		EC70CB6B1D5994830033E21E /* 基础类 */ = {
			isa = PBXGroup;
			children = (
				EC70CBB31D599C720033E21E /* 其它 */,
				EC70CB6C1D5994830033E21E /* 视图控制器 */,
			);
			path = "基础类";
			sourceTree = "<group>";
		};
		EC70CB6C1D5994830033E21E /* 视图控制器 */ = {
			isa = PBXGroup;
			children = (
				EC21249F1D59A16A004A00D8 /* BaseViewController.h */,
				EC2124A01D59A16A004A00D8 /* BaseViewController.m */,
				EC2124A11D59A16A004A00D8 /* BaseViewController.xib */,
				ECE681F31D59A1DF000F1041 /* BaseTableViewController.h */,
				ECE681F41D59A1DF000F1041 /* BaseTableViewController.m */,
				ECE681F51D59A1DF000F1041 /* BaseTableViewController.xib */,
				ECE681F81D59A1EA000F1041 /* TableViewController.h */,
				ECE681F91D59A1EA000F1041 /* TableViewController.m */,
				ECE681FA1D59A1EA000F1041 /* TableViewController.xib */,
			);
			path = "视图控制器";
			sourceTree = "<group>";
		};
		EC70CB6D1D5994830033E21E /* 开源库 */ = {
			isa = PBXGroup;
			children = (
				EC2124731D599FB4004A00D8 /* SDWebImage */,
				EC21244F1D599F2F004A00D8 /* JSONModel */,
				EC70CB6E1D5994830033E21E /* AFNetworking */,
			);
			path = "开源库";
			sourceTree = "<group>";
		};
		EC70CB6E1D5994830033E21E /* AFNetworking */ = {
			isa = PBXGroup;
			children = (
				EC70CB6F1D5994830033E21E /* AFHTTPRequestOperation.h */,
				EC70CB701D5994830033E21E /* AFHTTPRequestOperation.m */,
				EC70CB711D5994830033E21E /* AFHTTPRequestOperationManager.h */,
				EC70CB721D5994830033E21E /* AFHTTPRequestOperationManager.m */,
				EC70CB731D5994830033E21E /* AFHTTPSessionManager.h */,
				EC70CB741D5994830033E21E /* AFHTTPSessionManager.m */,
				EC70CB751D5994830033E21E /* AFNetworking.h */,
				EC70CB761D5994830033E21E /* AFNetworkReachabilityManager.h */,
				EC70CB771D5994830033E21E /* AFNetworkReachabilityManager.m */,
				EC70CB781D5994830033E21E /* AFSecurityPolicy.h */,
				EC70CB791D5994830033E21E /* AFSecurityPolicy.m */,
				EC70CB7A1D5994830033E21E /* AFURLConnectionOperation.h */,
				EC70CB7B1D5994830033E21E /* AFURLConnectionOperation.m */,
				EC70CB7C1D5994830033E21E /* AFURLRequestSerialization.h */,
				EC70CB7D1D5994830033E21E /* AFURLRequestSerialization.m */,
				EC70CB7E1D5994830033E21E /* AFURLResponseSerialization.h */,
				EC70CB7F1D5994830033E21E /* AFURLResponseSerialization.m */,
				EC70CB801D5994830033E21E /* AFURLSessionManager.h */,
				EC70CB811D5994830033E21E /* AFURLSessionManager.m */,
			);
			path = AFNetworking;
			sourceTree = "<group>";
		};
		EC70CB821D5994830033E21E /* 三方SDK */ = {
			isa = PBXGroup;
			children = (
			);
			path = "三方SDK";
			sourceTree = "<group>";
		};
		EC70CB831D5994830033E21E /* APP功能模块 */ = {
			isa = PBXGroup;
			children = (
				EC70CB841D5994830033E21E /* Utils */,
			);
			path = "APP功能模块";
			sourceTree = "<group>";
		};
		EC70CB841D5994830033E21E /* Utils */ = {
			isa = PBXGroup;
			children = (
				EC70CB851D5994830033E21E /* Controllers */,
				EC70CB861D5994830033E21E /* Models */,
				EC70CB871D5994830033E21E /* Utils */,
				EC70CB881D5994830033E21E /* Views */,
			);
			path = Utils;
			sourceTree = "<group>";
		};
		EC70CB851D5994830033E21E /* Controllers */ = {
			isa = PBXGroup;
			children = (
			);
			path = Controllers;
			sourceTree = "<group>";
		};
		EC70CB861D5994830033E21E /* Models */ = {
			isa = PBXGroup;
			children = (
			);
			path = Models;
			sourceTree = "<group>";
		};
		EC70CB871D5994830033E21E /* Utils */ = {
			isa = PBXGroup;
			children = (
			);
			path = Utils;
			sourceTree = "<group>";
		};
		EC70CB881D5994830033E21E /* Views */ = {
			isa = PBXGroup;
			children = (
			);
			path = Views;
			sourceTree = "<group>";
		};
		EC70CB891D5994830033E21E /* Core */ = {
			isa = PBXGroup;
			children = (
			);
			path = Core;
			sourceTree = "<group>";
		};
		EC70CBB31D599C720033E21E /* 其它 */ = {
			isa = PBXGroup;
			children = (
				EC70CBB51D599C8A0033E21E /* SingletonObject.h */,
				EC70CBB61D599C8A0033E21E /* SingletonObject.m */,
				EC21244C1D599EF8004A00D8 /* BaseModel.h */,
				EC21244D1D599EF8004A00D8 /* BaseModel.m */,
			);
			path = "其它";
			sourceTree = "<group>";
		};
		EC70CBB81D599D3E0033E21E /* 测试 */ = {
			isa = PBXGroup;
			children = (
				EC70CBB91D599DC70033E21E /* Manager.h */,
				EC70CBBA1D599DC70033E21E /* Manager.m */,
				ECE682031D59A2D3000F1041 /* FirstViewController.h */,
				ECE682041D59A2D3000F1041 /* FirstViewController.m */,
				ECE682051D59A2D3000F1041 /* FirstViewController.xib */,
			);
			path = "测试";
			sourceTree = "<group>";
		};
/* End PBXGroup section */

/* Begin PBXNativeTarget section */
		EC70CB301D5994580033E21E /* iOS开发模板 */ = {
			isa = PBXNativeTarget;
			buildConfigurationList = EC70CB611D5994580033E21E /* Build configuration list for PBXNativeTarget "iOS开发模板" */;
			buildPhases = (
				EC70CB2D1D5994580033E21E /* Sources */,
				EC70CB2E1D5994580033E21E /* Frameworks */,
				EC70CB2F1D5994580033E21E /* Resources */,
			);
			buildRules = (
			);
			dependencies = (
			);
			name = "iOS开发模板";
			productName = "iOS开发模板";
			productReference = EC70CB311D5994580033E21E /* iOS开发模板.app */;
			productType = "com.apple.product-type.application";
		};
		EC70CB4C1D5994580033E21E /* iOS开发模板Tests */ = {
			isa = PBXNativeTarget;
			buildConfigurationList = EC70CB641D5994580033E21E /* Build configuration list for PBXNativeTarget "iOS开发模板Tests" */;
			buildPhases = (
				EC70CB491D5994580033E21E /* Sources */,
				EC70CB4A1D5994580033E21E /* Frameworks */,
				EC70CB4B1D5994580033E21E /* Resources */,
			);
			buildRules = (
			);
			dependencies = (
				EC70CB4F1D5994580033E21E /* PBXTargetDependency */,
			);
			name = "iOS开发模板Tests";
			productName = "iOS开发模板Tests";
			productReference = EC70CB4D1D5994580033E21E /* iOS开发模板Tests.xctest */;
			productType = "com.apple.product-type.bundle.unit-test";
		};
		EC70CB571D5994580033E21E /* iOS开发模板UITests */ = {
			isa = PBXNativeTarget;
			buildConfigurationList = EC70CB671D5994580033E21E /* Build configuration list for PBXNativeTarget "iOS开发模板UITests" */;
			buildPhases = (
				EC70CB541D5994580033E21E /* Sources */,
				EC70CB551D5994580033E21E /* Frameworks */,
				EC70CB561D5994580033E21E /* Resources */,
			);
			buildRules = (
			);
			dependencies = (
				EC70CB5A1D5994580033E21E /* PBXTargetDependency */,
			);
			name = "iOS开发模板UITests";
			productName = "iOS开发模板UITests";
			productReference = EC70CB581D5994580033E21E /* iOS开发模板UITests.xctest */;
			productType = "com.apple.product-type.bundle.ui-testing";
		};
/* End PBXNativeTarget section */

/* Begin PBXProject section */
		EC70CB291D5994580033E21E /* Project object */ = {
			isa = PBXProject;
			attributes = {
				LastUpgradeCheck = 0720;
				ORGANIZATIONNAME = "黄栋梁";
				TargetAttributes = {
					EC70CB301D5994580033E21E = {
						CreatedOnToolsVersion = 7.2;
					};
					EC70CB4C1D5994580033E21E = {
						CreatedOnToolsVersion = 7.2;
						TestTargetID = EC70CB301D5994580033E21E;
					};
					EC70CB571D5994580033E21E = {
						CreatedOnToolsVersion = 7.2;
						TestTargetID = EC70CB301D5994580033E21E;
					};
				};
			};
			buildConfigurationList = EC70CB2C1D5994580033E21E /* Build configuration list for PBXProject "iOS开发模板" */;
			compatibilityVersion = "Xcode 3.2";
			developmentRegion = English;
			hasScannedForEncodings = 0;
			knownRegions = (
				en,
				Base,
			);
			mainGroup = EC70CB281D5994580033E21E;
			productRefGroup = EC70CB321D5994580033E21E /* Products */;
			projectDirPath = "";
			projectRoot = "";
			targets = (
				EC70CB301D5994580033E21E /* iOS开发模板 */,
				EC70CB4C1D5994580033E21E /* iOS开发模板Tests */,
				EC70CB571D5994580033E21E /* iOS开发模板UITests */,
			);
		};
/* End PBXProject section */

/* Begin PBXResourcesBuildPhase section */
		EC70CB2F1D5994580033E21E /* Resources */ = {
			isa = PBXResourcesBuildPhase;
			buildActionMask = 2147483647;
			files = (
				EC70CB471D5994580033E21E /* LaunchScreen.storyboard in Resources */,
				ECE681F71D59A1DF000F1041 /* BaseTableViewController.xib in Resources */,
				EC2124A31D59A16A004A00D8 /* BaseViewController.xib in Resources */,
				ECE681FC1D59A1EA000F1041 /* TableViewController.xib in Resources */,
				EC70CB441D5994580033E21E /* Assets.xcassets in Resources */,
				ECE682071D59A2D3000F1041 /* FirstViewController.xib in Resources */,
				EC70CB3F1D5994580033E21E /* Main.storyboard in Resources */,
			);
			runOnlyForDeploymentPostprocessing = 0;
		};
		EC70CB4B1D5994580033E21E /* Resources */ = {
			isa = PBXResourcesBuildPhase;
			buildActionMask = 2147483647;
			files = (
			);
			runOnlyForDeploymentPostprocessing = 0;
		};
		EC70CB561D5994580033E21E /* Resources */ = {
			isa = PBXResourcesBuildPhase;
			buildActionMask = 2147483647;
			files = (
			);
			runOnlyForDeploymentPostprocessing = 0;
		};
/* End PBXResourcesBuildPhase section */

/* Begin PBXSourcesBuildPhase section */
		EC70CB2D1D5994580033E21E /* Sources */ = {
			isa = PBXSourcesBuildPhase;
			buildActionMask = 2147483647;
			files = (
				EC2124961D599FB4004A00D8 /* SDWebImageDownloaderOperation.m in Sources */,
				EC21249E1D599FB4004A00D8 /* UIView+WebCacheOperation.m in Sources */,
				EC2124981D599FB4004A00D8 /* SDWebImagePrefetcher.m in Sources */,
				EC21249D1D599FB4004A00D8 /* UIImageView+WebCache.m in Sources */,
				EC70CB3C1D5994580033E21E /* ViewController.m in Sources */,
				EC2124921D599FB4004A00D8 /* SDImageCache.m in Sources */,
				EC2124971D599FB4004A00D8 /* SDWebImageManager.m in Sources */,
				EC21246A1D599F2F004A00D8 /* JSONModelArray.m in Sources */,
				EC70CBB21D599B9C0033E21E /* HHTools.m in Sources */,
				EC21244E1D599EF8004A00D8 /* BaseModel.m in Sources */,
				EC70CB8E1D5994830033E21E /* AFSecurityPolicy.m in Sources */,
				ECE681FB1D59A1EA000F1041 /* TableViewController.m in Sources */,
				EC70CB391D5994580033E21E /* AppDelegate.m in Sources */,
				EC2124931D599FB4004A00D8 /* SDWebImageCompat.m in Sources */,
				EC70CB8B1D5994830033E21E /* AFHTTPRequestOperationManager.m in Sources */,
				EC21249C1D599FB4004A00D8 /* UIImageView+HighlightedWebCache.m in Sources */,
				EC2124701D599F2F004A00D8 /* JSONModel+networking.m in Sources */,
				EC2124941D599FB4004A00D8 /* SDWebImageDecoder.m in Sources */,
				EC70CB8F1D5994830033E21E /* AFURLConnectionOperation.m in Sources */,
				EC70CBB71D599C8A0033E21E /* SingletonObject.m in Sources */,
				ECE682021D59A263000F1041 /* ViewControllerConfig.m in Sources */,
				EC2124A21D59A16A004A00D8 /* BaseViewController.m in Sources */,
				EC70CB8A1D5994830033E21E /* AFHTTPRequestOperation.m in Sources */,
				EC2124721D599F2F004A00D8 /* JSONValueTransformer.m in Sources */,
				EC70CB361D5994580033E21E /* main.m in Sources */,
				EC21246E1D599F2F004A00D8 /* JSONAPI.m in Sources */,
				EC21246F1D599F2F004A00D8 /* JSONHTTPClient.m in Sources */,
				EC70CB901D5994830033E21E /* AFURLRequestSerialization.m in Sources */,
				ECE681FF1D59A24D000F1041 /* HHNet.m in Sources */,
				EC21249B1D599FB4004A00D8 /* UIImage+MultiFormat.m in Sources */,
				EC70CB8C1D5994830033E21E /* AFHTTPSessionManager.m in Sources */,
				EC70CB8D1D5994830033E21E /* AFNetworkReachabilityManager.m in Sources */,
				EC2124911D599FB4004A00D8 /* NSData+ImageContentType.m in Sources */,
				EC2124991D599FB4004A00D8 /* UIButton+WebCache.m in Sources */,
				EC70CB911D5994830033E21E /* AFURLResponseSerialization.m in Sources */,
				EC2124711D599F2F004A00D8 /* JSONKeyMapper.m in Sources */,
				EC21249A1D599FB4004A00D8 /* UIImage+GIF.m in Sources */,
				EC2124951D599FB4004A00D8 /* SDWebImageDownloader.m in Sources */,
				EC21246C1D599F2F004A00D8 /* JSONModelError.m in Sources */,
				EC70CB921D5994830033E21E /* AFURLSessionManager.m in Sources */,
				ECE682061D59A2D3000F1041 /* FirstViewController.m in Sources */,
				EC2124691D599F2F004A00D8 /* JSONModel.m in Sources */,
				EC21246D1D599F2F004A00D8 /* NSArray+JSONModel.m in Sources */,
				EC21246B1D599F2F004A00D8 /* JSONModelClassProperty.m in Sources */,
				ECE681F61D59A1DF000F1041 /* BaseTableViewController.m in Sources */,
				EC70CB421D5994580033E21E /* iOS____.xcdatamodeld in Sources */,
				EC70CBBB1D599DC70033E21E /* Manager.m in Sources */,
			);
			runOnlyForDeploymentPostprocessing = 0;
		};
		EC70CB491D5994580033E21E /* Sources */ = {
			isa = PBXSourcesBuildPhase;
			buildActionMask = 2147483647;
			files = (
				EC70CB521D5994580033E21E /* iOS____Tests.m in Sources */,
			);
			runOnlyForDeploymentPostprocessing = 0;
		};
		EC70CB541D5994580033E21E /* Sources */ = {
			isa = PBXSourcesBuildPhase;
			buildActionMask = 2147483647;
			files = (
				EC70CB5D1D5994580033E21E /* iOS____UITests.m in Sources */,
			);
			runOnlyForDeploymentPostprocessing = 0;
		};
/* End PBXSourcesBuildPhase section */

/* Begin PBXTargetDependency section */
		EC70CB4F1D5994580033E21E /* PBXTargetDependency */ = {
			isa = PBXTargetDependency;
			target = EC70CB301D5994580033E21E /* iOS开发模板 */;
			targetProxy = EC70CB4E1D5994580033E21E /* PBXContainerItemProxy */;
		};
		EC70CB5A1D5994580033E21E /* PBXTargetDependency */ = {
			isa = PBXTargetDependency;
			target = EC70CB301D5994580033E21E /* iOS开发模板 */;
			targetProxy = EC70CB591D5994580033E21E /* PBXContainerItemProxy */;
		};
/* End PBXTargetDependency section */

/* Begin PBXVariantGroup section */
		EC70CB3D1D5994580033E21E /* Main.storyboard */ = {
			isa = PBXVariantGroup;
			children = (
				EC70CB3E1D5994580033E21E /* Base */,
			);
			name = Main.storyboard;
			sourceTree = "<group>";
		};
		EC70CB451D5994580033E21E /* LaunchScreen.storyboard */ = {
			isa = PBXVariantGroup;
			children = (
				EC70CB461D5994580033E21E /* Base */,
			);
			name = LaunchScreen.storyboard;
			sourceTree = "<group>";
		};
/* End PBXVariantGroup section */

/* Begin XCBuildConfiguration section */
		EC70CB5F1D5994580033E21E /* Debug */ = {
			isa = XCBuildConfiguration;
			buildSettings = {
				ALWAYS_SEARCH_USER_PATHS = NO;
				CLANG_CXX_LANGUAGE_STANDARD = "gnu++0x";
				CLANG_CXX_LIBRARY = "libc++";
				CLANG_ENABLE_MODULES = YES;
				CLANG_ENABLE_OBJC_ARC = YES;
				CLANG_WARN_BOOL_CONVERSION = YES;
				CLANG_WARN_CONSTANT_CONVERSION = YES;
				CLANG_WARN_DIRECT_OBJC_ISA_USAGE = YES_ERROR;
				CLANG_WARN_EMPTY_BODY = YES;
				CLANG_WARN_ENUM_CONVERSION = YES;
				CLANG_WARN_INT_CONVERSION = YES;
				CLANG_WARN_OBJC_ROOT_CLASS = YES_ERROR;
				CLANG_WARN_UNREACHABLE_CODE = YES;
				CLANG_WARN__DUPLICATE_METHOD_MATCH = YES;
				"CODE_SIGN_IDENTITY[sdk=iphoneos*]" = "iPhone Developer";
				COPY_PHASE_STRIP = NO;
				DEBUG_INFORMATION_FORMAT = dwarf;
				ENABLE_STRICT_OBJC_MSGSEND = YES;
				ENABLE_TESTABILITY = YES;
				GCC_C_LANGUAGE_STANDARD = gnu99;
				GCC_DYNAMIC_NO_PIC = NO;
				GCC_NO_COMMON_BLOCKS = YES;
				GCC_OPTIMIZATION_LEVEL = 0;
				GCC_PREPROCESSOR_DEFINITIONS = (
					"DEBUG=1",
					"$(inherited)",
				);
				GCC_WARN_64_TO_32_BIT_CONVERSION = YES;
				GCC_WARN_ABOUT_RETURN_TYPE = YES_ERROR;
				GCC_WARN_UNDECLARED_SELECTOR = YES;
				GCC_WARN_UNINITIALIZED_AUTOS = YES_AGGRESSIVE;
				GCC_WARN_UNUSED_FUNCTION = YES;
				GCC_WARN_UNUSED_VARIABLE = YES;
				IPHONEOS_DEPLOYMENT_TARGET = 9.2;
				MTL_ENABLE_DEBUG_INFO = YES;
				ONLY_ACTIVE_ARCH = YES;
				SDKROOT = iphoneos;
			};
			name = Debug;
		};
		EC70CB601D5994580033E21E /* Release */ = {
			isa = XCBuildConfiguration;
			buildSettings = {
				ALWAYS_SEARCH_USER_PATHS = NO;
				CLANG_CXX_LANGUAGE_STANDARD = "gnu++0x";
				CLANG_CXX_LIBRARY = "libc++";
				CLANG_ENABLE_MODULES = YES;
				CLANG_ENABLE_OBJC_ARC = YES;
				CLANG_WARN_BOOL_CONVERSION = YES;
				CLANG_WARN_CONSTANT_CONVERSION = YES;
				CLANG_WARN_DIRECT_OBJC_ISA_USAGE = YES_ERROR;
				CLANG_WARN_EMPTY_BODY = YES;
				CLANG_WARN_ENUM_CONVERSION = YES;
				CLANG_WARN_INT_CONVERSION = YES;
				CLANG_WARN_OBJC_ROOT_CLASS = YES_ERROR;
				CLANG_WARN_UNREACHABLE_CODE = YES;
				CLANG_WARN__DUPLICATE_METHOD_MATCH = YES;
				"CODE_SIGN_IDENTITY[sdk=iphoneos*]" = "iPhone Developer";
				COPY_PHASE_STRIP = NO;
				DEBUG_INFORMATION_FORMAT = "dwarf-with-dsym";
				ENABLE_NS_ASSERTIONS = NO;
				ENABLE_STRICT_OBJC_MSGSEND = YES;
				GCC_C_LANGUAGE_STANDARD = gnu99;
				GCC_NO_COMMON_BLOCKS = YES;
				GCC_WARN_64_TO_32_BIT_CONVERSION = YES;
				GCC_WARN_ABOUT_RETURN_TYPE = YES_ERROR;
				GCC_WARN_UNDECLARED_SELECTOR = YES;
				GCC_WARN_UNINITIALIZED_AUTOS = YES_AGGRESSIVE;
				GCC_WARN_UNUSED_FUNCTION = YES;
				GCC_WARN_UNUSED_VARIABLE = YES;
				IPHONEOS_DEPLOYMENT_TARGET = 9.2;
				MTL_ENABLE_DEBUG_INFO = NO;
				SDKROOT = iphoneos;
				VALIDATE_PRODUCT = YES;
			};
			name = Release;
		};
		EC70CB621D5994580033E21E /* Debug */ = {
			isa = XCBuildConfiguration;
			buildSettings = {
				ASSETCATALOG_COMPILER_APPICON_NAME = AppIcon;
				INFOPLIST_FILE = "iOS开发模板/Info.plist";
				LD_RUNPATH_SEARCH_PATHS = "$(inherited) @executable_path/Frameworks";
				PRODUCT_BUNDLE_IDENTIFIER = "ek.iOS----";
				PRODUCT_NAME = "$(TARGET_NAME)";
			};
			name = Debug;
		};
		EC70CB631D5994580033E21E /* Release */ = {
			isa = XCBuildConfiguration;
			buildSettings = {
				ASSETCATALOG_COMPILER_APPICON_NAME = AppIcon;
				INFOPLIST_FILE = "iOS开发模板/Info.plist";
				LD_RUNPATH_SEARCH_PATHS = "$(inherited) @executable_path/Frameworks";
				PRODUCT_BUNDLE_IDENTIFIER = "ek.iOS----";
				PRODUCT_NAME = "$(TARGET_NAME)";
			};
			name = Release;
		};
		EC70CB651D5994580033E21E /* Debug */ = {
			isa = XCBuildConfiguration;
			buildSettings = {
				BUNDLE_LOADER = "$(TEST_HOST)";
				INFOPLIST_FILE = "iOS开发模板Tests/Info.plist";
				LD_RUNPATH_SEARCH_PATHS = "$(inherited) @executable_path/Frameworks @loader_path/Frameworks";
				PRODUCT_BUNDLE_IDENTIFIER = "ek.iOS----Tests";
				PRODUCT_NAME = "$(TARGET_NAME)";
				TEST_HOST = "$(BUILT_PRODUCTS_DIR)/iOS开发模板.app/iOS开发模板";
			};
			name = Debug;
		};
		EC70CB661D5994580033E21E /* Release */ = {
			isa = XCBuildConfiguration;
			buildSettings = {
				BUNDLE_LOADER = "$(TEST_HOST)";
				INFOPLIST_FILE = "iOS开发模板Tests/Info.plist";
				LD_RUNPATH_SEARCH_PATHS = "$(inherited) @executable_path/Frameworks @loader_path/Frameworks";
				PRODUCT_BUNDLE_IDENTIFIER = "ek.iOS----Tests";
				PRODUCT_NAME = "$(TARGET_NAME)";
				TEST_HOST = "$(BUILT_PRODUCTS_DIR)/iOS开发模板.app/iOS开发模板";
			};
			name = Release;
		};
		EC70CB681D5994580033E21E /* Debug */ = {
			isa = XCBuildConfiguration;
			buildSettings = {
				INFOPLIST_FILE = "iOS开发模板UITests/Info.plist";
				LD_RUNPATH_SEARCH_PATHS = "$(inherited) @executable_path/Frameworks @loader_path/Frameworks";
				PRODUCT_BUNDLE_IDENTIFIER = "ek.iOS----UITests";
				PRODUCT_NAME = "$(TARGET_NAME)";
				TEST_TARGET_NAME = "iOS开发模板";
				USES_XCTRUNNER = YES;
			};
			name = Debug;
		};
		EC70CB691D5994580033E21E /* Release */ = {
			isa = XCBuildConfiguration;
			buildSettings = {
				INFOPLIST_FILE = "iOS开发模板UITests/Info.plist";
				LD_RUNPATH_SEARCH_PATHS = "$(inherited) @executable_path/Frameworks @loader_path/Frameworks";
				PRODUCT_BUNDLE_IDENTIFIER = "ek.iOS----UITests";
				PRODUCT_NAME = "$(TARGET_NAME)";
				TEST_TARGET_NAME = "iOS开发模板";
				USES_XCTRUNNER = YES;
			};
			name = Release;
		};
/* End XCBuildConfiguration section */

/* Begin XCConfigurationList section */
		EC70CB2C1D5994580033E21E /* Build configuration list for PBXProject "iOS开发模板" */ = {
			isa = XCConfigurationList;
			buildConfigurations = (
				EC70CB5F1D5994580033E21E /* Debug */,
				EC70CB601D5994580033E21E /* Release */,
			);
			defaultConfigurationIsVisible = 0;
			defaultConfigurationName = Release;
		};
		EC70CB611D5994580033E21E /* Build configuration list for PBXNativeTarget "iOS开发模板" */ = {
			isa = XCConfigurationList;
			buildConfigurations = (
				EC70CB621D5994580033E21E /* Debug */,
				EC70CB631D5994580033E21E /* Release */,
			);
			defaultConfigurationIsVisible = 0;
			defaultConfigurationName = Release;
		};
		EC70CB641D5994580033E21E /* Build configuration list for PBXNativeTarget "iOS开发模板Tests" */ = {
			isa = XCConfigurationList;
			buildConfigurations = (
				EC70CB651D5994580033E21E /* Debug */,
				EC70CB661D5994580033E21E /* Release */,
			);
			defaultConfigurationIsVisible = 0;
			defaultConfigurationName = Release;
		};
		EC70CB671D5994580033E21E /* Build configuration list for PBXNativeTarget "iOS开发模板UITests" */ = {
			isa = XCConfigurationList;
			buildConfigurations = (
				EC70CB681D5994580033E21E /* Debug */,
				EC70CB691D5994580033E21E /* Release */,
			);
			defaultConfigurationIsVisible = 0;
			defaultConfigurationName = Release;
		};
/* End XCConfigurationList section */

/* Begin XCVersionGroup section */
		EC70CB401D5994580033E21E /* iOS____.xcdatamodeld */ = {
			isa = XCVersionGroup;
			children = (
				EC70CB411D5994580033E21E /* iOS____.xcdatamodel */,
			);
			currentVersion = EC70CB411D5994580033E21E /* iOS____.xcdatamodel */;
			path = "iOS____.xcdatamodeld";
			sourceTree = "<group>";
			versionGroupType = wrapper.xcdatamodel;
		};
/* End XCVersionGroup section */
	};
	rootObject = EC70CB291D5994580033E21E /* Project object */;
}
